// !$*UTF8*$!
{
	archiveVersion = 1;
	classes = {
	};
	objectVersion = 46;
	objects = {

/* Begin PBXBuildFile section */
		BC86F2241A0090C800468E20 /* main.m in Sources */ = {isa = PBXBuildFile; fileRef = BC86F2231A0090C800468E20 /* main.m */; };
		BC86F2271A0090C800468E20 /* AppDelegate.m in Sources */ = {isa = PBXBuildFile; fileRef = BC86F2261A0090C800468E20 /* AppDelegate.m */; };
		BC86F22A1A0090C800468E20 /* ViewController.m in Sources */ = {isa = PBXBuildFile; fileRef = BC86F2291A0090C800468E20 /* ViewController.m */; };
		BC86F22D1A0090C800468E20 /* Main.storyboard in Resources */ = {isa = PBXBuildFile; fileRef = BC86F22B1A0090C800468E20 /* Main.storyboard */; };
		BC86F22F1A0090C800468E20 /* Images.xcassets in Resources */ = {isa = PBXBuildFile; fileRef = BC86F22E1A0090C800468E20 /* Images.xcassets */; };
		BC86F2321A0090C800468E20 /* LaunchScreen.xib in Resources */ = {isa = PBXBuildFile; fileRef = BC86F2301A0090C800468E20 /* LaunchScreen.xib */; };
		BC86F23E1A0090C900468E20 /* NearMeTests.m in Sources */ = {isa = PBXBuildFile; fileRef = BC86F23D1A0090C900468E20 /* NearMeTests.m */; };
		BCB0EE7B1A034AFF00BD5913 /* Ackon.framework in Frameworks */ = {isa = PBXBuildFile; fileRef = BCB0EE7A1A034AFF00BD5913 /* Ackon.framework */; };
		BCB0EE7D1A034B0300BD5913 /* Ackon.framework in Embed Frameworks */ = {isa = PBXBuildFile; fileRef = BCB0EE7A1A034AFF00BD5913 /* Ackon.framework */; settings = {ATTRIBUTES = (CodeSignOnCopy, RemoveHeadersOnCopy, ); }; };
/* End PBXBuildFile section */

/* Begin PBXContainerItemProxy section */
		BC86F2381A0090C900468E20 /* PBXContainerItemProxy */ = {
			isa = PBXContainerItemProxy;
			containerPortal = BC86F2161A0090C800468E20 /* Project object */;
			proxyType = 1;
			remoteGlobalIDString = BC86F21D1A0090C800468E20;
			remoteInfo = NearMe;
		};
/* End PBXContainerItemProxy section */

/* Begin PBXCopyFilesBuildPhase section */
		BC86F24B1A0091CF00468E20 /* Embed Frameworks */ = {
			isa = PBXCopyFilesBuildPhase;
			buildActionMask = 2147483647;
			dstPath = "";
			dstSubfolderSpec = 10;
			files = (
				BCB0EE7D1A034B0300BD5913 /* Ackon.framework in Embed Frameworks */,
			);
			name = "Embed Frameworks";
			runOnlyForDeploymentPostprocessing = 0;
		};
/* End PBXCopyFilesBuildPhase section */

/* Begin PBXFileReference section */
		BC86F21E1A0090C800468E20 /* NearMe.app */ = {isa = PBXFileReference; explicitFileType = wrapper.application; includeInIndex = 0; path = NearMe.app; sourceTree = BUILT_PRODUCTS_DIR; };
		BC86F2221A0090C800468E20 /* Info.plist */ = {isa = PBXFileReference; lastKnownFileType = text.plist.xml; path = Info.plist; sourceTree = "<group>"; };
		BC86F2231A0090C800468E20 /* main.m */ = {isa = PBXFileReference; lastKnownFileType = sourcecode.c.objc; path = main.m; sourceTree = "<group>"; };
		BC86F2251A0090C800468E20 /* AppDelegate.h */ = {isa = PBXFileReference; lastKnownFileType = sourcecode.c.h; path = AppDelegate.h; sourceTree = "<group>"; };
		BC86F2261A0090C800468E20 /* AppDelegate.m */ = {isa = PBXFileReference; lastKnownFileType = sourcecode.c.objc; path = AppDelegate.m; sourceTree = "<group>"; };
		BC86F2281A0090C800468E20 /* ViewController.h */ = {isa = PBXFileReference; lastKnownFileType = sourcecode.c.h; path = ViewController.h; sourceTree = "<group>"; };
		BC86F2291A0090C800468E20 /* ViewController.m */ = {isa = PBXFileReference; lastKnownFileType = sourcecode.c.objc; path = ViewController.m; sourceTree = "<group>"; };
		BC86F22C1A0090C800468E20 /* Base */ = {isa = PBXFileReference; lastKnownFileType = file.storyboard; name = Base; path = Base.lproj/Main.storyboard; sourceTree = "<group>"; };
		BC86F22E1A0090C800468E20 /* Images.xcassets */ = {isa = PBXFileReference; lastKnownFileType = folder.assetcatalog; path = Images.xcassets; sourceTree = "<group>"; };
		BC86F2311A0090C800468E20 /* Base */ = {isa = PBXFileReference; lastKnownFileType = file.xib; name = Base; path = Base.lproj/LaunchScreen.xib; sourceTree = "<group>"; };
		BC86F2371A0090C900468E20 /* NearMeTests.xctest */ = {isa = PBXFileReference; explicitFileType = wrapper.cfbundle; includeInIndex = 0; path = NearMeTests.xctest; sourceTree = BUILT_PRODUCTS_DIR; };
		BC86F23C1A0090C900468E20 /* Info.plist */ = {isa = PBXFileReference; lastKnownFileType = text.plist.xml; path = Info.plist; sourceTree = "<group>"; };
		BC86F23D1A0090C900468E20 /* NearMeTests.m */ = {isa = PBXFileReference; lastKnownFileType = sourcecode.c.objc; path = NearMeTests.m; sourceTree = "<group>"; };
		BCB0EE7A1A034AFF00BD5913 /* Ackon.framework */ = {isa = PBXFileReference; lastKnownFileType = wrapper.framework; path = Ackon.framework; sourceTree = "<group>"; };
/* End PBXFileReference section */

/* Begin PBXFrameworksBuildPhase section */
		BC86F21B1A0090C800468E20 /* Frameworks */ = {
			isa = PBXFrameworksBuildPhase;
			buildActionMask = 2147483647;
			files = (
				BCB0EE7B1A034AFF00BD5913 /* Ackon.framework in Frameworks */,
			);
			runOnlyForDeploymentPostprocessing = 0;
		};
		BC86F2341A0090C900468E20 /* Frameworks */ = {
			isa = PBXFrameworksBuildPhase;
			buildActionMask = 2147483647;
			files = (
			);
			runOnlyForDeploymentPostprocessing = 0;
		};
/* End PBXFrameworksBuildPhase section */

/* Begin PBXGroup section */
		BC86F2151A0090C800468E20 = {
			isa = PBXGroup;
			children = (
				BCB0EE791A034AFF00BD5913 /* Library */,
				BC86F2201A0090C800468E20 /* NearMe */,
				BC86F23A1A0090C900468E20 /* NearMeTests */,
				BC86F21F1A0090C800468E20 /* Products */,
			);
			sourceTree = "<group>";
		};
		BC86F21F1A0090C800468E20 /* Products */ = {
			isa = PBXGroup;
			children = (
				BC86F21E1A0090C800468E20 /* NearMe.app */,
				BC86F2371A0090C900468E20 /* NearMeTests.xctest */,
			);
			name = Products;
			sourceTree = "<group>";
		};
		BC86F2201A0090C800468E20 /* NearMe */ = {
			isa = PBXGroup;
			children = (
				BC86F2251A0090C800468E20 /* AppDelegate.h */,
				BC86F2261A0090C800468E20 /* AppDelegate.m */,
				BC86F2281A0090C800468E20 /* ViewController.h */,
				BC86F2291A0090C800468E20 /* ViewController.m */,
				BC86F22B1A0090C800468E20 /* Main.storyboard */,
				BC86F22E1A0090C800468E20 /* Images.xcassets */,
				BC86F2301A0090C800468E20 /* LaunchScreen.xib */,
				BC86F2211A0090C800468E20 /* Supporting Files */,
			);
			path = NearMe;
			sourceTree = "<group>";
		};
		BC86F2211A0090C800468E20 /* Supporting Files */ = {
			isa = PBXGroup;
			children = (
				BC86F2221A0090C800468E20 /* Info.plist */,
				BC86F2231A0090C800468E20 /* main.m */,
			);
			name = "Supporting Files";
			sourceTree = "<group>";
		};
		BC86F23A1A0090C900468E20 /* NearMeTests */ = {
			isa = PBXGroup;
			children = (
				BC86F23D1A0090C900468E20 /* NearMeTests.m */,
				BC86F23B1A0090C900468E20 /* Supporting Files */,
			);
			path = NearMeTests;
			sourceTree = "<group>";
		};
		BC86F23B1A0090C900468E20 /* Supporting Files */ = {
			isa = PBXGroup;
			children = (
				BC86F23C1A0090C900468E20 /* Info.plist */,
			);
			name = "Supporting Files";
			sourceTree = "<group>";
		};
		BCB0EE791A034AFF00BD5913 /* Library */ = {
			isa = PBXGroup;
			children = (
				BCB0EE7A1A034AFF00BD5913 /* Ackon.framework */,
			);
			path = Library;
			sourceTree = "<group>";
		};
/* End PBXGroup section */

/* Begin PBXNativeTarget section */
		BC86F21D1A0090C800468E20 /* NearMe */ = {
			isa = PBXNativeTarget;
			buildConfigurationList = BC86F2411A0090C900468E20 /* Build configuration list for PBXNativeTarget "NearMe" */;
			buildPhases = (
				BC86F21A1A0090C800468E20 /* Sources */,
				BC86F21B1A0090C800468E20 /* Frameworks */,
				BC86F21C1A0090C800468E20 /* Resources */,
				BC86F24B1A0091CF00468E20 /* Embed Frameworks */,
			);
			buildRules = (
			);
			dependencies = (
			);
			name = NearMe;
			productName = NearMe;
			productReference = BC86F21E1A0090C800468E20 /* NearMe.app */;
			productType = "com.apple.product-type.application";
		};
		BC86F2361A0090C900468E20 /* NearMeTests */ = {
			isa = PBXNativeTarget;
			buildConfigurationList = BC86F2441A0090C900468E20 /* Build configuration list for PBXNativeTarget "NearMeTests" */;
			buildPhases = (
				BC86F2331A0090C900468E20 /* Sources */,
				BC86F2341A0090C900468E20 /* Frameworks */,
				BC86F2351A0090C900468E20 /* Resources */,
			);
			buildRules = (
			);
			dependencies = (
				BC86F2391A0090C900468E20 /* PBXTargetDependency */,
			);
			name = NearMeTests;
			productName = NearMeTests;
			productReference = BC86F2371A0090C900468E20 /* NearMeTests.xctest */;
			productType = "com.apple.product-type.bundle.unit-test";
		};
/* End PBXNativeTarget section */

/* Begin PBXProject section */
		BC86F2161A0090C800468E20 /* Project object */ = {
			isa = PBXProject;
			attributes = {
				LastUpgradeCheck = 0610;
				ORGANIZATIONNAME = OliveStory;
				TargetAttributes = {
					BC86F21D1A0090C800468E20 = {
						CreatedOnToolsVersion = 6.1;
					};
					BC86F2361A0090C900468E20 = {
						CreatedOnToolsVersion = 6.1;
						TestTargetID = BC86F21D1A0090C800468E20;
					};
				};
			};
			buildConfigurationList = BC86F2191A0090C800468E20 /* Build configuration list for PBXProject "NearMe" */;
			compatibilityVersion = "Xcode 3.2";
			developmentRegion = English;
			hasScannedForEncodings = 0;
			knownRegions = (
				en,
				Base,
			);
			mainGroup = BC86F2151A0090C800468E20;
			productRefGroup = BC86F21F1A0090C800468E20 /* Products */;
			projectDirPath = "";
			projectRoot = "";
			targets = (
				BC86F21D1A0090C800468E20 /* NearMe */,
				BC86F2361A0090C900468E20 /* NearMeTests */,
			);
		};
/* End PBXProject section */

/* Begin PBXResourcesBuildPhase section */
		BC86F21C1A0090C800468E20 /* Resources */ = {
			isa = PBXResourcesBuildPhase;
			buildActionMask = 2147483647;
			files = (
				BC86F22D1A0090C800468E20 /* Main.storyboard in Resources */,
				BC86F2321A0090C800468E20 /* LaunchScreen.xib in Resources */,
				BC86F22F1A0090C800468E20 /* Images.xcassets in Resources */,
			);
			runOnlyForDeploymentPostprocessing = 0;
		};
		BC86F2351A0090C900468E20 /* Resources */ = {
			isa = PBXResourcesBuildPhase;
			buildActionMask = 2147483647;
			files = (
			);
			runOnlyForDeploymentPostprocessing = 0;
		};
/* End PBXResourcesBuildPhase section */

/* Begin PBXSourcesBuildPhase section */
		BC86F21A1A0090C800468E20 /* Sources */ = {
			isa = PBXSourcesBuildPhase;
			buildActionMask = 2147483647;
			files = (
				BC86F22A1A0090C800468E20 /* ViewController.m in Sources */,
				BC86F2271A0090C800468E20 /* AppDelegate.m in Sources */,
				BC86F2241A0090C800468E20 /* main.m in Sources */,
			);
			runOnlyForDeploymentPostprocessing = 0;
		};
		BC86F2331A0090C900468E20 /* Sources */ = {
			isa = PBXSourcesBuildPhase;
			buildActionMask = 2147483647;
			files = (
				BC86F23E1A0090C900468E20 /* NearMeTests.m in Sources */,
			);
			runOnlyForDeploymentPostprocessing = 0;
		};
/* End PBXSourcesBuildPhase section */

/* Begin PBXTargetDependency section */
		BC86F2391A0090C900468E20 /* PBXTargetDependency */ = {
			isa = PBXTargetDependency;
			target = BC86F21D1A0090C800468E20 /* NearMe */;
			targetProxy = BC86F2381A0090C900468E20 /* PBXContainerItemProxy */;
		};
/* End PBXTargetDependency section */

/* Begin PBXVariantGroup section */
		BC86F22B1A0090C800468E20 /* Main.storyboard */ = {
			isa = PBXVariantGroup;
			children = (
				BC86F22C1A0090C800468E20 /* Base */,
			);
			name = Main.storyboard;
			sourceTree = "<group>";
		};
		BC86F2301A0090C800468E20 /* LaunchScreen.xib */ = {
			isa = PBXVariantGroup;
			children = (
				BC86F2311A0090C800468E20 /* Base */,
			);
			name = LaunchScreen.xib;
			sourceTree = "<group>";
		};
/* End PBXVariantGroup section */

/* Begin XCBuildConfiguration section */
		BC86F23F1A0090C900468E20 /* Debug */ = {
			isa = XCBuildConfiguration;
			buildSettings = {
				ALWAYS_SEARCH_USER_PATHS = NO;
				CLANG_CXX_LANGUAGE_STANDARD = "gnu++0x";
				CLANG_CXX_LIBRARY = "libc++";
				CLANG_ENABLE_MODULES = YES;
				CLANG_ENABLE_OBJC_ARC = YES;
				CLANG_WARN_BOOL_CONVERSION = YES;
				CLANG_WARN_CONSTANT_CONVERSION = YES;
				CLANG_WARN_DIRECT_OBJC_ISA_USAGE = YES_ERROR;
				CLANG_WARN_EMPTY_BODY = YES;
				CLANG_WARN_ENUM_CONVERSION = YES;
				CLANG_WARN_INT_CONVERSION = YES;
				CLANG_WARN_OBJC_ROOT_CLASS = YES_ERROR;
				CLANG_WARN_UNREACHABLE_CODE = YES;
				CLANG_WARN__DUPLICATE_METHOD_MATCH = YES;
				"CODE_SIGN_IDENTITY[sdk=iphoneos*]" = "iPhone Developer";
				COPY_PHASE_STRIP = NO;
				ENABLE_STRICT_OBJC_MSGSEND = YES;
				GCC_C_LANGUAGE_STANDARD = gnu99;
				GCC_DYNAMIC_NO_PIC = NO;
				GCC_OPTIMIZATION_LEVEL = 0;
				GCC_PREPROCESSOR_DEFINITIONS = (
					"DEBUG=1",
					"$(inherited)",
				);
				GCC_SYMBOLS_PRIVATE_EXTERN = NO;
				GCC_WARN_64_TO_32_BIT_CONVERSION = YES;
				GCC_WARN_ABOUT_RETURN_TYPE = YES_ERROR;
				GCC_WARN_UNDECLARED_SELECTOR = YES;
				GCC_WARN_UNINITIALIZED_AUTOS = YES_AGGRESSIVE;
				GCC_WARN_UNUSED_FUNCTION = YES;
				GCC_WARN_UNUSED_VARIABLE = YES;
				IPHONEOS_DEPLOYMENT_TARGET = 7.0;
				MTL_ENABLE_DEBUG_INFO = YES;
				ONLY_ACTIVE_ARCH = YES;
				SDKROOT = iphoneos;
				TARGETED_DEVICE_FAMILY = "1,2";
			};
			name = Debug;
		};
		BC86F2401A0090C900468E20 /* Release */ = {
			isa = XCBuildConfiguration;
			buildSettings = {
				ALWAYS_SEARCH_USER_PATHS = NO;
				CLANG_CXX_LANGUAGE_STANDARD = "gnu++0x";
				CLANG_CXX_LIBRARY = "libc++";
				CLANG_ENABLE_MODULES = YES;
				CLANG_ENABLE_OBJC_ARC = YES;
				CLANG_WARN_BOOL_CONVERSION = YES;
				CLANG_WARN_CONSTANT_CONVERSION = YES;
				CLANG_WARN_DIRECT_OBJC_ISA_USAGE = YES_ERROR;
				CLANG_WARN_EMPTY_BODY = YES;
				CLANG_WARN_ENUM_CONVERSION = YES;
				CLANG_WARN_INT_CONVERSION = YES;
				CLANG_WARN_OBJC_ROOT_CLASS = YES_ERROR;
				CLANG_WARN_UNREACHABLE_CODE = YES;
				CLANG_WARN__DUPLICATE_METHOD_MATCH = YES;
				"CODE_SIGN_IDENTITY[sdk=iphoneos*]" = "iPhone Developer";
				COPY_PHASE_STRIP = YES;
				ENABLE_NS_ASSERTIONS = NO;
				ENABLE_STRICT_OBJC_MSGSEND = YES;
				GCC_C_LANGUAGE_STANDARD = gnu99;
				GCC_WARN_64_TO_32_BIT_CONVERSION = YES;
				GCC_WARN_ABOUT_RETURN_TYPE = YES_ERROR;
				GCC_WARN_UNDECLARED_SELECTOR = YES;
				GCC_WARN_UNINITIALIZED_AUTOS = YES_AGGRESSIVE;
				GCC_WARN_UNUSED_FUNCTION = YES;
				GCC_WARN_UNUSED_VARIABLE = YES;
				IPHONEOS_DEPLOYMENT_TARGET = 7.0;
				MTL_ENABLE_DEBUG_INFO = NO;
				SDKROOT = iphoneos;
				TARGETED_DEVICE_FAMILY = "1,2";
				VALIDATE_PRODUCT = YES;
			};
			name = Release;
		};
		BC86F2421A0090C900468E20 /* Debug */ = {
			isa = XCBuildConfiguration;
			buildSettings = {
				ASSETCATALOG_COMPILER_APPICON_NAME = AppIcon;
				FRAMEWORK_SEARCH_PATHS = (
					"$(inherited)",
					"$(PROJECT_DIR)$(LOCAL_LIBRARY_DIR)",
				);
				INFOPLIST_FILE = NearMe/Info.plist;
				IPHONEOS_DEPLOYMENT_TARGET = 7.0;
				LD_RUNPATH_SEARCH_PATHS = "$(inherited) @executable_path/Frameworks";
				PRODUCT_NAME = "$(TARGET_NAME)";
			};
			name = Debug;
		};
		BC86F2431A0090C900468E20 /* Release */ = {
			isa = XCBuildConfiguration;
			buildSettings = {
				ASSETCATALOG_COMPILER_APPICON_NAME = AppIcon;
				FRAMEWORK_SEARCH_PATHS = (
					"$(inherited)",
					"$(PROJECT_DIR)$(LOCAL_LIBRARY_DIR)",
				);
				INFOPLIST_FILE = NearMe/Info.plist;
				IPHONEOS_DEPLOYMENT_TARGET = 7.0;
				LD_RUNPATH_SEARCH_PATHS = "$(inherited) @executable_path/Frameworks";
				PRODUCT_NAME = "$(TARGET_NAME)";
			};
			name = Release;
		};
		BC86F2451A0090C900468E20 /* Debug */ = {
			isa = XCBuildConfiguration;
			buildSettings = {
				BUNDLE_LOADER = "$(TEST_HOST)";
				FRAMEWORK_SEARCH_PATHS = (
					"$(SDKROOT)/Developer/Library/Frameworks",
					"$(inherited)",
				);
				GCC_PREPROCESSOR_DEFINITIONS = (
					"DEBUG=1",
					"$(inherited)",
				);
				INFOPLIST_FILE = NearMeTests/Info.plist;
				LD_RUNPATH_SEARCH_PATHS = "$(inherited) @executable_path/Frameworks @loader_path/Frameworks";
				PRODUCT_NAME = "$(TARGET_NAME)";
				TEST_HOST = "$(BUILT_PRODUCTS_DIR)/NearMe.app/NearMe";
			};
			name = Debug;
		};
		BC86F2461A0090C900468E20 /* Release */ = {
			isa = XCBuildConfiguration;
			buildSettings = {
				BUNDLE_LOADER = "$(TEST_HOST)";
				FRAMEWORK_SEARCH_PATHS = (
					"$(SDKROOT)/Developer/Library/Frameworks",
					"$(inherited)",
				);
				INFOPLIST_FILE = NearMeTests/Info.plist;
				LD_RUNPATH_SEARCH_PATHS = "$(inherited) @executable_path/Frameworks @loader_path/Frameworks";
				PRODUCT_NAME = "$(TARGET_NAME)";
				TEST_HOST = "$(BUILT_PRODUCTS_DIR)/NearMe.app/NearMe";
			};
			name = Release;
		};
/* End XCBuildConfiguration section */

/* Begin XCConfigurationList section */
		BC86F2191A0090C800468E20 /* Build configuration list for PBXProject "NearMe" */ = {
			isa = XCConfigurationList;
			buildConfigurations = (
				BC86F23F1A0090C900468E20 /* Debug */,
				BC86F2401A0090C900468E20 /* Release */,
			);
			defaultConfigurationIsVisible = 0;
			defaultConfigurationName = Release;
		};
		BC86F2411A0090C900468E20 /* Build configuration list for PBXNativeTarget "NearMe" */ = {
			isa = XCConfigurationList;
			buildConfigurations = (
				BC86F2421A0090C900468E20 /* Debug */,
				BC86F2431A0090C900468E20 /* Release */,
			);
			defaultConfigurationIsVisible = 0;
			defaultConfigurationName = Release;
		};
		BC86F2441A0090C900468E20 /* Build configuration list for PBXNativeTarget "NearMeTests" */ = {
			isa = XCConfigurationList;
			buildConfigurations = (
				BC86F2451A0090C900468E20 /* Debug */,
				BC86F2461A0090C900468E20 /* Release */,
			);
			defaultConfigurationIsVisible = 0;
			defaultConfigurationName = Release;
		};
/* End XCConfigurationList section */
	};
	rootObject = BC86F2161A0090C800468E20 /* Project object */;
}
